
Microsoft Visual Studio Solution File, Format Version 12.00
# Visual Studio 15
VisualStudioVersion = 15.0.26730.8
MinimumVisualStudioVersion = 10.0.40219.1
Project("{FAE04EC0-301F-11D3-BF4B-00C04F79EFBC}") = "VisualNovelManagerv2", "VisualNovelManagerv2\VisualNovelManagerv2.csproj", "{F4BEC148-7291-424E-903E-BC2FB987AB81}"
EndProject
Project("{9A19103F-16F7-4668-BE54-9A1E7A4F7556}") = "VndbSharp", "VndbSharp\VndbSharp\VndbSharp.csproj", "{3E3153B8-15BA-460D-AF9F-021EA1760C6E}"
EndProject
Global
	GlobalSection(SolutionConfigurationPlatforms) = preSolution
		Debug|Any CPU = Debug|Any CPU
		Release|Any CPU = Release|Any CPU
	EndGlobalSection
	GlobalSection(ProjectConfigurationPlatforms) = postSolution
		{F4BEC148-7291-424E-903E-BC2FB987AB81}.Debug|Any CPU.ActiveCfg = Debug|Any CPU
		{F4BEC148-7291-424E-903E-BC2FB987AB81}.Debug|Any CPU.Build.0 = Debug|Any CPU
		{F4BEC148-7291-424E-903E-BC2FB987AB81}.Release|Any CPU.ActiveCfg = Release|Any CPU
		{F4BEC148-7291-424E-903E-BC2FB987AB81}.Release|Any CPU.Build.0 = Release|Any CPU
		{3E3153B8-15BA-460D-AF9F-021EA1760C6E}.Debug|Any CPU.ActiveCfg = Debug|Any CPU
		{3E3153B8-15BA-460D-AF9F-021EA1760C6E}.Debug|Any CPU.Build.0 = Debug|Any CPU
		{3E3153B8-15BA-460D-AF9F-021EA1760C6E}.Release|Any CPU.ActiveCfg = Release|Any CPU
		{3E3153B8-15BA-460D-AF9F-021EA1760C6E}.Release|Any CPU.Build.0 = Release|Any CPU
	EndGlobalSection
	GlobalSection(SolutionProperties) = preSolution
		HideSolutionNode = FALSE
	EndGlobalSection
	GlobalSection(ExtensibilityGlobals) = postSolution
		SolutionGuid = {F3C7E296-0484-4EC8-AF10-DDE32713AD19}
	EndGlobalSection
EndGlobal
